
Microsoft Visual Studio Solution File, Format Version 11.00
# Visual Studio 2010
Project("{FAE04EC0-301F-11D3-BF4B-00C04F79EFBC}") = "Assembly-CSharp", "Assembly-CSharp.csproj", "{29145017-9F95-497E-0E1B-E4272B1072FF}"
EndProject
Project("{FAE04EC0-301F-11D3-BF4B-00C04F79EFBC}") = "Assembly-CSharp-Editor", "Assembly-CSharp-Editor.csproj", "{6EFF9D9E-076B-E966-F06D-29490DA5F89A}"
EndProject
Global
	GlobalSection(SolutionConfigurationPlatforms) = preSolution
		Debug|Any CPU = Debug|Any CPU
		Release|Any CPU = Release|Any CPU
	EndGlobalSection
	GlobalSection(ProjectConfigurationPlatforms) = postSolution
		{29145017-9F95-497E-0E1B-E4272B1072FF}.Debug|Any CPU.ActiveCfg = Debug|Any CPU
		{29145017-9F95-497E-0E1B-E4272B1072FF}.Debug|Any CPU.Build.0 = Debug|Any CPU
		{29145017-9F95-497E-0E1B-E4272B1072FF}.Release|Any CPU.ActiveCfg = Release|Any CPU
		{29145017-9F95-497E-0E1B-E4272B1072FF}.Release|Any CPU.Build.0 = Release|Any CPU
		{6EFF9D9E-076B-E966-F06D-29490DA5F89A}.Debug|Any CPU.ActiveCfg = Debug|Any CPU
		{6EFF9D9E-076B-E966-F06D-29490DA5F89A}.Debug|Any CPU.Build.0 = Debug|Any CPU
		{6EFF9D9E-076B-E966-F06D-29490DA5F89A}.Release|Any CPU.ActiveCfg = Release|Any CPU
		{6EFF9D9E-076B-E966-F06D-29490DA5F89A}.Release|Any CPU.Build.0 = Release|Any CPU
	EndGlobalSection
	GlobalSection(SolutionProperties) = preSolution
		HideSolutionNode = FALSE
	EndGlobalSection
	GlobalSection(MonoDevelopProperties) = preSolution
		StartupItem = Assembly-CSharp.csproj
	EndGlobalSection
EndGlobal
